
Microsoft Visual Studio Solution File, Format Version 12.00
# Visual Studio 15
VisualStudioVersion = 15.0.28307.1433
MinimumVisualStudioVersion = 10.0.40219.1
Project("{FAE04EC0-301F-11D3-BF4B-00C04F79EFBC}") = "Canaro Trello", "Canaro Trello\Canaro Trello.csproj", "{AD71D705-AE01-4374-9BE3-A49B8437C357}"
EndProject
Global
	GlobalSection(SolutionConfigurationPlatforms) = preSolution
		Debug|Any CPU = Debug|Any CPU
		Release|Any CPU = Release|Any CPU
	EndGlobalSection
	GlobalSection(ProjectConfigurationPlatforms) = postSolution
		{AD71D705-AE01-4374-9BE3-A49B8437C357}.Debug|Any CPU.ActiveCfg = Debug|Any CPU
		{AD71D705-AE01-4374-9BE3-A49B8437C357}.Debug|Any CPU.Build.0 = Debug|Any CPU
		{AD71D705-AE01-4374-9BE3-A49B8437C357}.Release|Any CPU.ActiveCfg = Release|Any CPU
		{AD71D705-AE01-4374-9BE3-A49B8437C357}.Release|Any CPU.Build.0 = Release|Any CPU
	EndGlobalSection
	GlobalSection(SolutionProperties) = preSolution
		HideSolutionNode = FALSE
	EndGlobalSection
	GlobalSection(ExtensibilityGlobals) = postSolution
		SolutionGuid = {90806250-5E1C-4D1B-BBA4-F633EA22B2BE}
	EndGlobalSection
EndGlobal
